
Microsoft Visual Studio Solution File, Format Version 12.00
# Visual Studio 14
VisualStudioVersion = 14.0.25420.1
MinimumVisualStudioVersion = 10.0.40219.1
Project("{FAE04EC0-301F-11D3-BF4B-00C04F79EFBC}") = "CFIWCFServiceLiabrary", "CFIWCFServiceLiabrary\CFIWCFServiceLiabrary.csproj", "{E4C21A72-35F4-4771-8C1B-304545755BA9}"
EndProject
Project("{FAE04EC0-301F-11D3-BF4B-00C04F79EFBC}") = "CFIConsoleHost", "CFIConsoleHost\CFIConsoleHost.csproj", "{B7C0E307-101B-4074-A7E8-92DB946ABA88}"
EndProject
Project("{FAE04EC0-301F-11D3-BF4B-00C04F79EFBC}") = "CFIProjectUWP", "CFIProjectUWP\CFIProjectUWP.csproj", "{EB375B6C-6181-459C-91EA-534635DD7904}"
EndProject
Project("{E24C65DC-7377-472B-9ABA-BC803B73C61A}") = "CFIIIS6Host(1)", "CFIIIS6Host\", "{05D59BAE-7B5B-44A2-8904-9FE19E8B5AC4}"
	ProjectSection(WebsiteProperties) = preProject
		TargetFrameworkMoniker = ".NETFramework,Version%3Dv2.0"
		Debug.AspNetCompiler.VirtualPath = "/localhost_14618"
		Debug.AspNetCompiler.PhysicalPath = "CFIIIS6Host\"
		Debug.AspNetCompiler.TargetPath = "PrecompiledWeb\localhost_14618\"
		Debug.AspNetCompiler.Updateable = "true"
		Debug.AspNetCompiler.ForceOverwrite = "true"
		Debug.AspNetCompiler.FixedNames = "false"
		Debug.AspNetCompiler.Debug = "True"
		Release.AspNetCompiler.VirtualPath = "/localhost_14618"
		Release.AspNetCompiler.PhysicalPath = "CFIIIS6Host\"
		Release.AspNetCompiler.TargetPath = "PrecompiledWeb\localhost_14618\"
		Release.AspNetCompiler.Updateable = "true"
		Release.AspNetCompiler.ForceOverwrite = "true"
		Release.AspNetCompiler.FixedNames = "false"
		Release.AspNetCompiler.Debug = "False"
		VWDPort = "14618"
	EndProjectSection
EndProject
Global
	GlobalSection(SolutionConfigurationPlatforms) = preSolution
		Debug|Any CPU = Debug|Any CPU
		Debug|ARM = Debug|ARM
		Debug|x64 = Debug|x64
		Debug|x86 = Debug|x86
		Release|Any CPU = Release|Any CPU
		Release|ARM = Release|ARM
		Release|x64 = Release|x64
		Release|x86 = Release|x86
	EndGlobalSection
	GlobalSection(ProjectConfigurationPlatforms) = postSolution
		{E4C21A72-35F4-4771-8C1B-304545755BA9}.Debug|Any CPU.ActiveCfg = Debug|Any CPU
		{E4C21A72-35F4-4771-8C1B-304545755BA9}.Debug|Any CPU.Build.0 = Debug|Any CPU
		{E4C21A72-35F4-4771-8C1B-304545755BA9}.Debug|ARM.ActiveCfg = Debug|Any CPU
		{E4C21A72-35F4-4771-8C1B-304545755BA9}.Debug|ARM.Build.0 = Debug|Any CPU
		{E4C21A72-35F4-4771-8C1B-304545755BA9}.Debug|x64.ActiveCfg = Debug|Any CPU
		{E4C21A72-35F4-4771-8C1B-304545755BA9}.Debug|x64.Build.0 = Debug|Any CPU
		{E4C21A72-35F4-4771-8C1B-304545755BA9}.Debug|x86.ActiveCfg = Debug|Any CPU
		{E4C21A72-35F4-4771-8C1B-304545755BA9}.Debug|x86.Build.0 = Debug|Any CPU
		{E4C21A72-35F4-4771-8C1B-304545755BA9}.Release|Any CPU.ActiveCfg = Release|Any CPU
		{E4C21A72-35F4-4771-8C1B-304545755BA9}.Release|Any CPU.Build.0 = Release|Any CPU
		{E4C21A72-35F4-4771-8C1B-304545755BA9}.Release|ARM.ActiveCfg = Release|Any CPU
		{E4C21A72-35F4-4771-8C1B-304545755BA9}.Release|ARM.Build.0 = Release|Any CPU
		{E4C21A72-35F4-4771-8C1B-304545755BA9}.Release|x64.ActiveCfg = Release|Any CPU
		{E4C21A72-35F4-4771-8C1B-304545755BA9}.Release|x64.Build.0 = Release|Any CPU
		{E4C21A72-35F4-4771-8C1B-304545755BA9}.Release|x86.ActiveCfg = Release|Any CPU
		{E4C21A72-35F4-4771-8C1B-304545755BA9}.Release|x86.Build.0 = Release|Any CPU
		{B7C0E307-101B-4074-A7E8-92DB946ABA88}.Debug|Any CPU.ActiveCfg = Debug|Any CPU
		{B7C0E307-101B-4074-A7E8-92DB946ABA88}.Debug|Any CPU.Build.0 = Debug|Any CPU
		{B7C0E307-101B-4074-A7E8-92DB946ABA88}.Debug|ARM.ActiveCfg = Debug|Any CPU
		{B7C0E307-101B-4074-A7E8-92DB946ABA88}.Debug|ARM.Build.0 = Debug|Any CPU
		{B7C0E307-101B-4074-A7E8-92DB946ABA88}.Debug|x64.ActiveCfg = Debug|Any CPU
		{B7C0E307-101B-4074-A7E8-92DB946ABA88}.Debug|x64.Build.0 = Debug|Any CPU
		{B7C0E307-101B-4074-A7E8-92DB946ABA88}.Debug|x86.ActiveCfg = Debug|Any CPU
		{B7C0E307-101B-4074-A7E8-92DB946ABA88}.Debug|x86.Build.0 = Debug|Any CPU
		{B7C0E307-101B-4074-A7E8-92DB946ABA88}.Release|Any CPU.ActiveCfg = Release|Any CPU
		{B7C0E307-101B-4074-A7E8-92DB946ABA88}.Release|Any CPU.Build.0 = Release|Any CPU
		{B7C0E307-101B-4074-A7E8-92DB946ABA88}.Release|ARM.ActiveCfg = Release|Any CPU
		{B7C0E307-101B-4074-A7E8-92DB946ABA88}.Release|ARM.Build.0 = Release|Any CPU
		{B7C0E307-101B-4074-A7E8-92DB946ABA88}.Release|x64.ActiveCfg = Release|Any CPU
		{B7C0E307-101B-4074-A7E8-92DB946ABA88}.Release|x64.Build.0 = Release|Any CPU
		{B7C0E307-101B-4074-A7E8-92DB946ABA88}.Release|x86.ActiveCfg = Release|Any CPU
		{B7C0E307-101B-4074-A7E8-92DB946ABA88}.Release|x86.Build.0 = Release|Any CPU
		{EB375B6C-6181-459C-91EA-534635DD7904}.Debug|Any CPU.ActiveCfg = Debug|x86
		{EB375B6C-6181-459C-91EA-534635DD7904}.Debug|ARM.ActiveCfg = Debug|ARM
		{EB375B6C-6181-459C-91EA-534635DD7904}.Debug|ARM.Build.0 = Debug|ARM
		{EB375B6C-6181-459C-91EA-534635DD7904}.Debug|ARM.Deploy.0 = Debug|ARM
		{EB375B6C-6181-459C-91EA-534635DD7904}.Debug|x64.ActiveCfg = Debug|x64
		{EB375B6C-6181-459C-91EA-534635DD7904}.Debug|x64.Build.0 = Debug|x64
		{EB375B6C-6181-459C-91EA-534635DD7904}.Debug|x64.Deploy.0 = Debug|x64
		{EB375B6C-6181-459C-91EA-534635DD7904}.Debug|x86.ActiveCfg = Debug|x86
		{EB375B6C-6181-459C-91EA-534635DD7904}.Debug|x86.Build.0 = Debug|x86
		{EB375B6C-6181-459C-91EA-534635DD7904}.Debug|x86.Deploy.0 = Debug|x86
		{EB375B6C-6181-459C-91EA-534635DD7904}.Release|Any CPU.ActiveCfg = Release|x86
		{EB375B6C-6181-459C-91EA-534635DD7904}.Release|ARM.ActiveCfg = Release|ARM
		{EB375B6C-6181-459C-91EA-534635DD7904}.Release|ARM.Build.0 = Release|ARM
		{EB375B6C-6181-459C-91EA-534635DD7904}.Release|ARM.Deploy.0 = Release|ARM
		{EB375B6C-6181-459C-91EA-534635DD7904}.Release|x64.ActiveCfg = Release|x64
		{EB375B6C-6181-459C-91EA-534635DD7904}.Release|x64.Build.0 = Release|x64
		{EB375B6C-6181-459C-91EA-534635DD7904}.Release|x64.Deploy.0 = Release|x64
		{EB375B6C-6181-459C-91EA-534635DD7904}.Release|x86.ActiveCfg = Release|x86
		{EB375B6C-6181-459C-91EA-534635DD7904}.Release|x86.Build.0 = Release|x86
		{EB375B6C-6181-459C-91EA-534635DD7904}.Release|x86.Deploy.0 = Release|x86
		{05D59BAE-7B5B-44A2-8904-9FE19E8B5AC4}.Debug|Any CPU.ActiveCfg = Debug|Any CPU
		{05D59BAE-7B5B-44A2-8904-9FE19E8B5AC4}.Debug|Any CPU.Build.0 = Debug|Any CPU
		{05D59BAE-7B5B-44A2-8904-9FE19E8B5AC4}.Debug|ARM.ActiveCfg = Debug|Any CPU
		{05D59BAE-7B5B-44A2-8904-9FE19E8B5AC4}.Debug|ARM.Build.0 = Debug|Any CPU
		{05D59BAE-7B5B-44A2-8904-9FE19E8B5AC4}.Debug|x64.ActiveCfg = Debug|Any CPU
		{05D59BAE-7B5B-44A2-8904-9FE19E8B5AC4}.Debug|x64.Build.0 = Debug|Any CPU
		{05D59BAE-7B5B-44A2-8904-9FE19E8B5AC4}.Debug|x86.ActiveCfg = Debug|Any CPU
		{05D59BAE-7B5B-44A2-8904-9FE19E8B5AC4}.Debug|x86.Build.0 = Debug|Any CPU
		{05D59BAE-7B5B-44A2-8904-9FE19E8B5AC4}.Release|Any CPU.ActiveCfg = Debug|Any CPU
		{05D59BAE-7B5B-44A2-8904-9FE19E8B5AC4}.Release|Any CPU.Build.0 = Debug|Any CPU
		{05D59BAE-7B5B-44A2-8904-9FE19E8B5AC4}.Release|ARM.ActiveCfg = Debug|Any CPU
		{05D59BAE-7B5B-44A2-8904-9FE19E8B5AC4}.Release|ARM.Build.0 = Debug|Any CPU
		{05D59BAE-7B5B-44A2-8904-9FE19E8B5AC4}.Release|x64.ActiveCfg = Debug|Any CPU
		{05D59BAE-7B5B-44A2-8904-9FE19E8B5AC4}.Release|x64.Build.0 = Debug|Any CPU
		{05D59BAE-7B5B-44A2-8904-9FE19E8B5AC4}.Release|x86.ActiveCfg = Debug|Any CPU
		{05D59BAE-7B5B-44A2-8904-9FE19E8B5AC4}.Release|x86.Build.0 = Debug|Any CPU
	EndGlobalSection
	GlobalSection(SolutionProperties) = preSolution
		HideSolutionNode = FALSE
	EndGlobalSection
EndGlobal
